
Microsoft Visual Studio Solution File, Format Version 12.00
# Visual Studio Version 16
VisualStudioVersion = 16.0.29609.76
MinimumVisualStudioVersion = 10.0.40219.1
Project("{FAE04EC0-301F-11D3-BF4B-00C04F79EFBC}") = "Events-Assignment", "Events-Assignment\Events-Assignment.csproj", "{F87A89CD-CD5A-49A7-B186-C854F70A5854}"
EndProject
Global
	GlobalSection(SolutionConfigurationPlatforms) = preSolution
		Debug|Any CPU = Debug|Any CPU
		Release|Any CPU = Release|Any CPU
	EndGlobalSection
	GlobalSection(ProjectConfigurationPlatforms) = postSolution
		{F87A89CD-CD5A-49A7-B186-C854F70A5854}.Debug|Any CPU.ActiveCfg = Debug|Any CPU
		{F87A89CD-CD5A-49A7-B186-C854F70A5854}.Debug|Any CPU.Build.0 = Debug|Any CPU
		{F87A89CD-CD5A-49A7-B186-C854F70A5854}.Release|Any CPU.ActiveCfg = Release|Any CPU
		{F87A89CD-CD5A-49A7-B186-C854F70A5854}.Release|Any CPU.Build.0 = Release|Any CPU
	EndGlobalSection
	GlobalSection(SolutionProperties) = preSolution
		HideSolutionNode = FALSE
	EndGlobalSection
	GlobalSection(ExtensibilityGlobals) = postSolution
		SolutionGuid = {970FD725-6783-4218-AE4A-F9CF3741EEB3}
	EndGlobalSection
EndGlobal
